
Microsoft Visual Studio Solution File, Format Version 12.00
# Visual Studio Version 16
VisualStudioVersion = 16.0.30907.101
MinimumVisualStudioVersion = 10.0.40219.1
Project("{FAE04EC0-301F-11D3-BF4B-00C04F79EFBC}") = "Storage", "Storage\Storage.csproj", "{ADA14EAD-3480-4E9D-B41C-1009615A30DD}"
EndProject
Global
	GlobalSection(SolutionConfigurationPlatforms) = preSolution
		Debug|Any CPU = Debug|Any CPU
		Release|Any CPU = Release|Any CPU
	EndGlobalSection
	GlobalSection(ProjectConfigurationPlatforms) = postSolution
		{ADA14EAD-3480-4E9D-B41C-1009615A30DD}.Debug|Any CPU.ActiveCfg = Debug|Any CPU
		{ADA14EAD-3480-4E9D-B41C-1009615A30DD}.Debug|Any CPU.Build.0 = Debug|Any CPU
		{ADA14EAD-3480-4E9D-B41C-1009615A30DD}.Release|Any CPU.ActiveCfg = Release|Any CPU
		{ADA14EAD-3480-4E9D-B41C-1009615A30DD}.Release|Any CPU.Build.0 = Release|Any CPU
	EndGlobalSection
	GlobalSection(SolutionProperties) = preSolution
		HideSolutionNode = FALSE
	EndGlobalSection
	GlobalSection(ExtensibilityGlobals) = postSolution
		SolutionGuid = {B8C46F72-60A0-4A98-98AD-8F065C644701}
	EndGlobalSection
EndGlobal
